
Microsoft Visual Studio Solution File, Format Version 12.00
# Visual Studio Version 16
VisualStudioVersion = 16.0.29519.87
MinimumVisualStudioVersion = 10.0.40219.1
Project("{FAE04EC0-301F-11D3-BF4B-00C04F79EFBC}") = "Fonts.Android", "Fonts\Fonts.Android\Fonts.Android.csproj", "{6CD7DA08-A10A-47D2-900E-36C6E02128EB}"
EndProject
Project("{FAE04EC0-301F-11D3-BF4B-00C04F79EFBC}") = "Fonts.iOS", "Fonts\Fonts.iOS\Fonts.iOS.csproj", "{0FBB9288-FE96-456D-BA3B-03768B5C9820}"
EndProject
Project("{FAE04EC0-301F-11D3-BF4B-00C04F79EFBC}") = "Fonts", "Fonts\Fonts\Fonts.csproj", "{82C23890-8321-4B96-9D98-5EED54100C6F}"
EndProject
Global
	GlobalSection(SolutionConfigurationPlatforms) = preSolution
		Debug|Any CPU = Debug|Any CPU
		Debug|iPhone = Debug|iPhone
		Debug|iPhoneSimulator = Debug|iPhoneSimulator
		Release|Any CPU = Release|Any CPU
		Release|iPhone = Release|iPhone
		Release|iPhoneSimulator = Release|iPhoneSimulator
	EndGlobalSection
	GlobalSection(ProjectConfigurationPlatforms) = postSolution
		{6CD7DA08-A10A-47D2-900E-36C6E02128EB}.Debug|Any CPU.ActiveCfg = Debug|Any CPU
		{6CD7DA08-A10A-47D2-900E-36C6E02128EB}.Debug|Any CPU.Build.0 = Debug|Any CPU
		{6CD7DA08-A10A-47D2-900E-36C6E02128EB}.Debug|Any CPU.Deploy.0 = Debug|Any CPU
		{6CD7DA08-A10A-47D2-900E-36C6E02128EB}.Debug|iPhone.ActiveCfg = Debug|Any CPU
		{6CD7DA08-A10A-47D2-900E-36C6E02128EB}.Debug|iPhone.Build.0 = Debug|Any CPU
		{6CD7DA08-A10A-47D2-900E-36C6E02128EB}.Debug|iPhone.Deploy.0 = Debug|Any CPU
		{6CD7DA08-A10A-47D2-900E-36C6E02128EB}.Debug|iPhoneSimulator.ActiveCfg = Debug|Any CPU
		{6CD7DA08-A10A-47D2-900E-36C6E02128EB}.Debug|iPhoneSimulator.Build.0 = Debug|Any CPU
		{6CD7DA08-A10A-47D2-900E-36C6E02128EB}.Debug|iPhoneSimulator.Deploy.0 = Debug|Any CPU
		{6CD7DA08-A10A-47D2-900E-36C6E02128EB}.Release|Any CPU.ActiveCfg = Release|Any CPU
		{6CD7DA08-A10A-47D2-900E-36C6E02128EB}.Release|Any CPU.Build.0 = Release|Any CPU
		{6CD7DA08-A10A-47D2-900E-36C6E02128EB}.Release|Any CPU.Deploy.0 = Release|Any CPU
		{6CD7DA08-A10A-47D2-900E-36C6E02128EB}.Release|iPhone.ActiveCfg = Release|Any CPU
		{6CD7DA08-A10A-47D2-900E-36C6E02128EB}.Release|iPhone.Build.0 = Release|Any CPU
		{6CD7DA08-A10A-47D2-900E-36C6E02128EB}.Release|iPhone.Deploy.0 = Release|Any CPU
		{6CD7DA08-A10A-47D2-900E-36C6E02128EB}.Release|iPhoneSimulator.ActiveCfg = Release|Any CPU
		{6CD7DA08-A10A-47D2-900E-36C6E02128EB}.Release|iPhoneSimulator.Build.0 = Release|Any CPU
		{6CD7DA08-A10A-47D2-900E-36C6E02128EB}.Release|iPhoneSimulator.Deploy.0 = Release|Any CPU
		{0FBB9288-FE96-456D-BA3B-03768B5C9820}.Debug|Any CPU.ActiveCfg = Debug|iPhoneSimulator
		{0FBB9288-FE96-456D-BA3B-03768B5C9820}.Debug|Any CPU.Build.0 = Debug|iPhoneSimulator
		{0FBB9288-FE96-456D-BA3B-03768B5C9820}.Debug|Any CPU.Deploy.0 = Debug|iPhoneSimulator
		{0FBB9288-FE96-456D-BA3B-03768B5C9820}.Debug|iPhone.ActiveCfg = Debug|iPhone
		{0FBB9288-FE96-456D-BA3B-03768B5C9820}.Debug|iPhone.Build.0 = Debug|iPhone
		{0FBB9288-FE96-456D-BA3B-03768B5C9820}.Debug|iPhone.Deploy.0 = Debug|iPhone
		{0FBB9288-FE96-456D-BA3B-03768B5C9820}.Debug|iPhoneSimulator.ActiveCfg = Debug|iPhoneSimulator
		{0FBB9288-FE96-456D-BA3B-03768B5C9820}.Debug|iPhoneSimulator.Build.0 = Debug|iPhoneSimulator
		{0FBB9288-FE96-456D-BA3B-03768B5C9820}.Debug|iPhoneSimulator.Deploy.0 = Debug|iPhoneSimulator
		{0FBB9288-FE96-456D-BA3B-03768B5C9820}.Release|Any CPU.ActiveCfg = Release|iPhone
		{0FBB9288-FE96-456D-BA3B-03768B5C9820}.Release|Any CPU.Build.0 = Release|iPhone
		{0FBB9288-FE96-456D-BA3B-03768B5C9820}.Release|Any CPU.Deploy.0 = Release|iPhone
		{0FBB9288-FE96-456D-BA3B-03768B5C9820}.Release|iPhone.ActiveCfg = Release|iPhone
		{0FBB9288-FE96-456D-BA3B-03768B5C9820}.Release|iPhone.Build.0 = Release|iPhone
		{0FBB9288-FE96-456D-BA3B-03768B5C9820}.Release|iPhone.Deploy.0 = Release|iPhone
		{0FBB9288-FE96-456D-BA3B-03768B5C9820}.Release|iPhoneSimulator.ActiveCfg = Release|iPhoneSimulator
		{0FBB9288-FE96-456D-BA3B-03768B5C9820}.Release|iPhoneSimulator.Build.0 = Release|iPhoneSimulator
		{0FBB9288-FE96-456D-BA3B-03768B5C9820}.Release|iPhoneSimulator.Deploy.0 = Release|iPhoneSimulator
		{82C23890-8321-4B96-9D98-5EED54100C6F}.Debug|Any CPU.ActiveCfg = Debug|Any CPU
		{82C23890-8321-4B96-9D98-5EED54100C6F}.Debug|Any CPU.Build.0 = Debug|Any CPU
		{82C23890-8321-4B96-9D98-5EED54100C6F}.Debug|Any CPU.Deploy.0 = Debug|Any CPU
		{82C23890-8321-4B96-9D98-5EED54100C6F}.Debug|iPhone.ActiveCfg = Debug|Any CPU
		{82C23890-8321-4B96-9D98-5EED54100C6F}.Debug|iPhone.Build.0 = Debug|Any CPU
		{82C23890-8321-4B96-9D98-5EED54100C6F}.Debug|iPhone.Deploy.0 = Debug|Any CPU
		{82C23890-8321-4B96-9D98-5EED54100C6F}.Debug|iPhoneSimulator.ActiveCfg = Debug|Any CPU
		{82C23890-8321-4B96-9D98-5EED54100C6F}.Debug|iPhoneSimulator.Build.0 = Debug|Any CPU
		{82C23890-8321-4B96-9D98-5EED54100C6F}.Debug|iPhoneSimulator.Deploy.0 = Debug|Any CPU
		{82C23890-8321-4B96-9D98-5EED54100C6F}.Release|Any CPU.ActiveCfg = Release|Any CPU
		{82C23890-8321-4B96-9D98-5EED54100C6F}.Release|Any CPU.Build.0 = Release|Any CPU
		{82C23890-8321-4B96-9D98-5EED54100C6F}.Release|Any CPU.Deploy.0 = Release|Any CPU
		{82C23890-8321-4B96-9D98-5EED54100C6F}.Release|iPhone.ActiveCfg = Release|Any CPU
		{82C23890-8321-4B96-9D98-5EED54100C6F}.Release|iPhone.Build.0 = Release|Any CPU
		{82C23890-8321-4B96-9D98-5EED54100C6F}.Release|iPhone.Deploy.0 = Release|Any CPU
		{82C23890-8321-4B96-9D98-5EED54100C6F}.Release|iPhoneSimulator.ActiveCfg = Release|Any CPU
		{82C23890-8321-4B96-9D98-5EED54100C6F}.Release|iPhoneSimulator.Build.0 = Release|Any CPU
		{82C23890-8321-4B96-9D98-5EED54100C6F}.Release|iPhoneSimulator.Deploy.0 = Release|Any CPU
	EndGlobalSection
	GlobalSection(SolutionProperties) = preSolution
		HideSolutionNode = FALSE
	EndGlobalSection
	GlobalSection(ExtensibilityGlobals) = postSolution
		SolutionGuid = {E6989D52-D6E7-4FA3-B5FC-451548D0D2FE}
	EndGlobalSection
EndGlobal
